
Microsoft Visual Studio Solution File, Format Version 12.00
# Visual Studio Version 17
VisualStudioVersion = 17.11.35312.102
MinimumVisualStudioVersion = 10.0.40219.1
Project("{9A19103F-16F7-4668-BE54-9A1E7A4F7556}") = "system.administration.DAL", "system.administration.DAL\system.administration.DAL.csproj", "{8276C59F-D322-49AF-B569-901498F84945}"
EndProject
Project("{FAE04EC0-301F-11D3-BF4B-00C04F79EFBC}") = "systemadministration.BLL", "systemadministration.BLL\systemadministration.BLL.csproj", "{499ED75D-3005-44D3-8F9C-FFA99010F2EC}"
EndProject
Global
	GlobalSection(SolutionConfigurationPlatforms) = preSolution
		Debug|Any CPU = Debug|Any CPU
		Release|Any CPU = Release|Any CPU
	EndGlobalSection
	GlobalSection(ProjectConfigurationPlatforms) = postSolution
		{8276C59F-D322-49AF-B569-901498F84945}.Debug|Any CPU.ActiveCfg = Debug|Any CPU
		{8276C59F-D322-49AF-B569-901498F84945}.Debug|Any CPU.Build.0 = Debug|Any CPU
		{8276C59F-D322-49AF-B569-901498F84945}.Release|Any CPU.ActiveCfg = Release|Any CPU
		{8276C59F-D322-49AF-B569-901498F84945}.Release|Any CPU.Build.0 = Release|Any CPU
		{499ED75D-3005-44D3-8F9C-FFA99010F2EC}.Debug|Any CPU.ActiveCfg = Debug|Any CPU
		{499ED75D-3005-44D3-8F9C-FFA99010F2EC}.Debug|Any CPU.Build.0 = Debug|Any CPU
		{499ED75D-3005-44D3-8F9C-FFA99010F2EC}.Release|Any CPU.ActiveCfg = Release|Any CPU
		{499ED75D-3005-44D3-8F9C-FFA99010F2EC}.Release|Any CPU.Build.0 = Release|Any CPU
	EndGlobalSection
	GlobalSection(SolutionProperties) = preSolution
		HideSolutionNode = FALSE
	EndGlobalSection
	GlobalSection(ExtensibilityGlobals) = postSolution
		SolutionGuid = {20A59198-07DF-4718-B203-97A09B9E06FD}
	EndGlobalSection
EndGlobal
